
Microsoft Visual Studio Solution File, Format Version 12.00
# Visual Studio for Mac
Project("{FAE04EC0-301F-11D3-BF4B-00C04F79EFBC}") = "Assembly-CSharp", "Assembly-CSharp.csproj", "{E6F63D38-179B-3BAD-9021-80C29E710AEB}"
EndProject
Project("{FAE04EC0-301F-11D3-BF4B-00C04F79EFBC}") = "Assembly-CSharp-Editor", "Assembly-CSharp-Editor.csproj", "{3212FD92-8C37-B799-A5E3-FFA3931BFA52}"
EndProject
Global
	GlobalSection(SolutionConfigurationPlatforms) = preSolution
		Debug|Any CPU = Debug|Any CPU
		Release|Any CPU = Release|Any CPU
	EndGlobalSection
	GlobalSection(ProjectConfigurationPlatforms) = postSolution
		{E6F63D38-179B-3BAD-9021-80C29E710AEB}.Debug|Any CPU.ActiveCfg = Debug|Any CPU
		{E6F63D38-179B-3BAD-9021-80C29E710AEB}.Debug|Any CPU.Build.0 = Debug|Any CPU
		{E6F63D38-179B-3BAD-9021-80C29E710AEB}.Release|Any CPU.ActiveCfg = Release|Any CPU
		{E6F63D38-179B-3BAD-9021-80C29E710AEB}.Release|Any CPU.Build.0 = Release|Any CPU
		{3212FD92-8C37-B799-A5E3-FFA3931BFA52}.Debug|Any CPU.ActiveCfg = Debug|Any CPU
		{3212FD92-8C37-B799-A5E3-FFA3931BFA52}.Debug|Any CPU.Build.0 = Debug|Any CPU
		{3212FD92-8C37-B799-A5E3-FFA3931BFA52}.Release|Any CPU.ActiveCfg = Release|Any CPU
		{3212FD92-8C37-B799-A5E3-FFA3931BFA52}.Release|Any CPU.Build.0 = Release|Any CPU
	EndGlobalSection
	GlobalSection(SolutionProperties) = preSolution
		HideSolutionNode = FALSE
	EndGlobalSection
EndGlobal
